// !$*UTF8*$!
{
	archiveVersion = 1;
	classes = {
	};
	objectVersion = 50;
	objects = {

/* Begin PBXBuildFile section */
		172729B1252C5D620061F1F9 /* AppDelegate.swift in Sources */ = {isa = PBXBuildFile; fileRef = 172729B0252C5D620061F1F9 /* AppDelegate.swift */; };
		172729B3252C5D620061F1F9 /* SceneDelegate.swift in Sources */ = {isa = PBXBuildFile; fileRef = 172729B2252C5D620061F1F9 /* SceneDelegate.swift */; };
		172729B8252C5D620061F1F9 /* Main.storyboard in Resources */ = {isa = PBXBuildFile; fileRef = 172729B6252C5D620061F1F9 /* Main.storyboard */; };
		172729BA252C5D630061F1F9 /* Assets.xcassets in Resources */ = {isa = PBXBuildFile; fileRef = 172729B9252C5D630061F1F9 /* Assets.xcassets */; };
		172729BD252C5D630061F1F9 /* LaunchScreen.storyboard in Resources */ = {isa = PBXBuildFile; fileRef = 172729BB252C5D630061F1F9 /* LaunchScreen.storyboard */; };
		172729C8252C5D630061F1F9 /* HomepwnerTests.swift in Sources */ = {isa = PBXBuildFile; fileRef = 172729C7252C5D630061F1F9 /* HomepwnerTests.swift */; };
		172729D3252C5D630061F1F9 /* HomepwnerUITests.swift in Sources */ = {isa = PBXBuildFile; fileRef = 172729D2252C5D630061F1F9 /* HomepwnerUITests.swift */; };
		172729E1252C5EA10061F1F9 /* ItemsViewController.swift in Sources */ = {isa = PBXBuildFile; fileRef = 172729E0252C5EA10061F1F9 /* ItemsViewController.swift */; };
		172729E3252C602E0061F1F9 /* Item.swift in Sources */ = {isa = PBXBuildFile; fileRef = 172729E2252C602E0061F1F9 /* Item.swift */; };
		172729E5252C66930061F1F9 /* ItemStore.swift in Sources */ = {isa = PBXBuildFile; fileRef = 172729E4252C66930061F1F9 /* ItemStore.swift */; };
		174FA315252D7CE600B121E4 /* ItemGroup.swift in Sources */ = {isa = PBXBuildFile; fileRef = 174FA314252D7CE600B121E4 /* ItemGroup.swift */; };
		1761A5852549136300E104A5 /* ImageStore.swift in Sources */ = {isa = PBXBuildFile; fileRef = 1761A5842549136300E104A5 /* ImageStore.swift */; };
		1768061F252EE01300B427CF /* ItemCell.swift in Sources */ = {isa = PBXBuildFile; fileRef = 1768061E252EE01300B427CF /* ItemCell.swift */; };
		17680621253B297100B427CF /* DetailViewController.swift in Sources */ = {isa = PBXBuildFile; fileRef = 17680620253B297100B427CF /* DetailViewController.swift */; };
		17C84519255AEC4A00225691 /* RESTClient.swift in Sources */ = {isa = PBXBuildFile; fileRef = 17C84518255AEC4900225691 /* RESTClient.swift */; };
		C440CE6B2593216A000D1B6B /* ErrorPresenter.swift in Sources */ = {isa = PBXBuildFile; fileRef = C440CE6A2593216A000D1B6B /* ErrorPresenter.swift */; };
		C46DA3372588FD9C000864B9 /* ResourceRequest.swift in Sources */ = {isa = PBXBuildFile; fileRef = C46DA3362588FD9C000864B9 /* ResourceRequest.swift */; };
		C46DA33C25890380000864B9 /* ResourceRequestError.swift in Sources */ = {isa = PBXBuildFile; fileRef = C46DA33B25890380000864B9 /* ResourceRequestError.swift */; };
/* End PBXBuildFile section */

/* Begin PBXContainerItemProxy section */
		172729C4252C5D630061F1F9 /* PBXContainerItemProxy */ = {
			isa = PBXContainerItemProxy;
			containerPortal = 172729A5252C5D620061F1F9 /* Project object */;
			proxyType = 1;
			remoteGlobalIDString = 172729AC252C5D620061F1F9;
			remoteInfo = Homepwner;
		};
		172729CF252C5D630061F1F9 /* PBXContainerItemProxy */ = {
			isa = PBXContainerItemProxy;
			containerPortal = 172729A5252C5D620061F1F9 /* Project object */;
			proxyType = 1;
			remoteGlobalIDString = 172729AC252C5D620061F1F9;
			remoteInfo = Homepwner;
		};
/* End PBXContainerItemProxy section */

/* Begin PBXFileReference section */
		172729AD252C5D620061F1F9 /* Homepwner.app */ = {isa = PBXFileReference; explicitFileType = wrapper.application; includeInIndex = 0; path = Homepwner.app; sourceTree = BUILT_PRODUCTS_DIR; };
		172729B0252C5D620061F1F9 /* AppDelegate.swift */ = {isa = PBXFileReference; lastKnownFileType = sourcecode.swift; path = AppDelegate.swift; sourceTree = "<group>"; };
		172729B2252C5D620061F1F9 /* SceneDelegate.swift */ = {isa = PBXFileReference; lastKnownFileType = sourcecode.swift; path = SceneDelegate.swift; sourceTree = "<group>"; };
		172729B7252C5D620061F1F9 /* Base */ = {isa = PBXFileReference; lastKnownFileType = file.storyboard; name = Base; path = Base.lproj/Main.storyboard; sourceTree = "<group>"; };
		172729B9252C5D630061F1F9 /* Assets.xcassets */ = {isa = PBXFileReference; lastKnownFileType = folder.assetcatalog; path = Assets.xcassets; sourceTree = "<group>"; };
		172729BC252C5D630061F1F9 /* Base */ = {isa = PBXFileReference; lastKnownFileType = file.storyboard; name = Base; path = Base.lproj/LaunchScreen.storyboard; sourceTree = "<group>"; };
		172729BE252C5D630061F1F9 /* Info.plist */ = {isa = PBXFileReference; lastKnownFileType = text.plist.xml; path = Info.plist; sourceTree = "<group>"; };
		172729C3252C5D630061F1F9 /* HomepwnerTests.xctest */ = {isa = PBXFileReference; explicitFileType = wrapper.cfbundle; includeInIndex = 0; path = HomepwnerTests.xctest; sourceTree = BUILT_PRODUCTS_DIR; };
		172729C7252C5D630061F1F9 /* HomepwnerTests.swift */ = {isa = PBXFileReference; lastKnownFileType = sourcecode.swift; path = HomepwnerTests.swift; sourceTree = "<group>"; };
		172729C9252C5D630061F1F9 /* Info.plist */ = {isa = PBXFileReference; lastKnownFileType = text.plist.xml; path = Info.plist; sourceTree = "<group>"; };
		172729CE252C5D630061F1F9 /* HomepwnerUITests.xctest */ = {isa = PBXFileReference; explicitFileType = wrapper.cfbundle; includeInIndex = 0; path = HomepwnerUITests.xctest; sourceTree = BUILT_PRODUCTS_DIR; };
		172729D2252C5D630061F1F9 /* HomepwnerUITests.swift */ = {isa = PBXFileReference; lastKnownFileType = sourcecode.swift; path = HomepwnerUITests.swift; sourceTree = "<group>"; };
		172729D4252C5D630061F1F9 /* Info.plist */ = {isa = PBXFileReference; lastKnownFileType = text.plist.xml; path = Info.plist; sourceTree = "<group>"; };
		172729E0252C5EA10061F1F9 /* ItemsViewController.swift */ = {isa = PBXFileReference; lastKnownFileType = sourcecode.swift; path = ItemsViewController.swift; sourceTree = "<group>"; };
		172729E2252C602E0061F1F9 /* Item.swift */ = {isa = PBXFileReference; lastKnownFileType = sourcecode.swift; path = Item.swift; sourceTree = "<group>"; };
		172729E4252C66930061F1F9 /* ItemStore.swift */ = {isa = PBXFileReference; lastKnownFileType = sourcecode.swift; path = ItemStore.swift; sourceTree = "<group>"; };
		174FA314252D7CE600B121E4 /* ItemGroup.swift */ = {isa = PBXFileReference; lastKnownFileType = sourcecode.swift; path = ItemGroup.swift; sourceTree = "<group>"; };
		1761A5842549136300E104A5 /* ImageStore.swift */ = {isa = PBXFileReference; lastKnownFileType = sourcecode.swift; path = ImageStore.swift; sourceTree = SOURCE_ROOT; };
		1768061E252EE01300B427CF /* ItemCell.swift */ = {isa = PBXFileReference; lastKnownFileType = sourcecode.swift; path = ItemCell.swift; sourceTree = "<group>"; };
		17680620253B297100B427CF /* DetailViewController.swift */ = {isa = PBXFileReference; lastKnownFileType = sourcecode.swift; path = DetailViewController.swift; sourceTree = "<group>"; };
		17C84518255AEC4900225691 /* RESTClient.swift */ = {isa = PBXFileReference; lastKnownFileType = sourcecode.swift; path = RESTClient.swift; sourceTree = "<group>"; };
		C440CE6A2593216A000D1B6B /* ErrorPresenter.swift */ = {isa = PBXFileReference; lastKnownFileType = sourcecode.swift; path = ErrorPresenter.swift; sourceTree = "<group>"; };
		C46DA3362588FD9C000864B9 /* ResourceRequest.swift */ = {isa = PBXFileReference; lastKnownFileType = sourcecode.swift; path = ResourceRequest.swift; sourceTree = "<group>"; };
		C46DA33B25890380000864B9 /* ResourceRequestError.swift */ = {isa = PBXFileReference; lastKnownFileType = sourcecode.swift; path = ResourceRequestError.swift; sourceTree = "<group>"; };
/* End PBXFileReference section */

/* Begin PBXFrameworksBuildPhase section */
		172729AA252C5D620061F1F9 /* Frameworks */ = {
			isa = PBXFrameworksBuildPhase;
			buildActionMask = 2147483647;
			files = (
			);
			runOnlyForDeploymentPostprocessing = 0;
		};
		172729C0252C5D630061F1F9 /* Frameworks */ = {
			isa = PBXFrameworksBuildPhase;
			buildActionMask = 2147483647;
			files = (
			);
			runOnlyForDeploymentPostprocessing = 0;
		};
		172729CB252C5D630061F1F9 /* Frameworks */ = {
			isa = PBXFrameworksBuildPhase;
			buildActionMask = 2147483647;
			files = (
			);
			runOnlyForDeploymentPostprocessing = 0;
		};
/* End PBXFrameworksBuildPhase section */

/* Begin PBXGroup section */
		172729A4252C5D620061F1F9 = {
			isa = PBXGroup;
			children = (
				172729AF252C5D620061F1F9 /* Homepwner */,
				172729C6252C5D630061F1F9 /* HomepwnerTests */,
				172729D1252C5D630061F1F9 /* HomepwnerUITests */,
				172729AE252C5D620061F1F9 /* Products */,
			);
			sourceTree = "<group>";
		};
		172729AE252C5D620061F1F9 /* Products */ = {
			isa = PBXGroup;
			children = (
				172729AD252C5D620061F1F9 /* Homepwner.app */,
				172729C3252C5D630061F1F9 /* HomepwnerTests.xctest */,
				172729CE252C5D630061F1F9 /* HomepwnerUITests.xctest */,
			);
			name = Products;
			sourceTree = "<group>";
		};
		172729AF252C5D620061F1F9 /* Homepwner */ = {
			isa = PBXGroup;
			children = (
				C48FD23725879FFC006C8C92 /* Utilities */,
				1761A5842549136300E104A5 /* ImageStore.swift */,
				172729E2252C602E0061F1F9 /* Item.swift */,
				172729E0252C5EA10061F1F9 /* ItemsViewController.swift */,
				17680620253B297100B427CF /* DetailViewController.swift */,
				172729B0252C5D620061F1F9 /* AppDelegate.swift */,
				172729E4252C66930061F1F9 /* ItemStore.swift */,
				172729B2252C5D620061F1F9 /* SceneDelegate.swift */,
				172729B6252C5D620061F1F9 /* Main.storyboard */,
				172729B9252C5D630061F1F9 /* Assets.xcassets */,
				172729BB252C5D630061F1F9 /* LaunchScreen.storyboard */,
				172729BE252C5D630061F1F9 /* Info.plist */,
				174FA314252D7CE600B121E4 /* ItemGroup.swift */,
				1768061E252EE01300B427CF /* ItemCell.swift */,
				17C84518255AEC4900225691 /* RESTClient.swift */,
			);
			path = Homepwner;
			sourceTree = "<group>";
		};
		172729C6252C5D630061F1F9 /* HomepwnerTests */ = {
			isa = PBXGroup;
			children = (
				172729C7252C5D630061F1F9 /* HomepwnerTests.swift */,
				172729C9252C5D630061F1F9 /* Info.plist */,
			);
			path = HomepwnerTests;
			sourceTree = "<group>";
		};
		172729D1252C5D630061F1F9 /* HomepwnerUITests */ = {
			isa = PBXGroup;
			children = (
				172729D2252C5D630061F1F9 /* HomepwnerUITests.swift */,
				172729D4252C5D630061F1F9 /* Info.plist */,
			);
			path = HomepwnerUITests;
			sourceTree = "<group>";
		};
		C48FD23725879FFC006C8C92 /* Utilities */ = {
			isa = PBXGroup;
			children = (
				C46DA3362588FD9C000864B9 /* ResourceRequest.swift */,
				C46DA33B25890380000864B9 /* ResourceRequestError.swift */,
				C440CE6A2593216A000D1B6B /* ErrorPresenter.swift */,
			);
			name = Utilities;
			sourceTree = "<group>";
		};
/* End PBXGroup section */

/* Begin PBXNativeTarget section */
		172729AC252C5D620061F1F9 /* Homepwner */ = {
			isa = PBXNativeTarget;
			buildConfigurationList = 172729D7252C5D630061F1F9 /* Build configuration list for PBXNativeTarget "Homepwner" */;
			buildPhases = (
				172729A9252C5D620061F1F9 /* Sources */,
				172729AA252C5D620061F1F9 /* Frameworks */,
				172729AB252C5D620061F1F9 /* Resources */,
			);
			buildRules = (
			);
			dependencies = (
			);
			name = Homepwner;
			productName = Homepwner;
			productReference = 172729AD252C5D620061F1F9 /* Homepwner.app */;
			productType = "com.apple.product-type.application";
		};
		172729C2252C5D630061F1F9 /* HomepwnerTests */ = {
			isa = PBXNativeTarget;
			buildConfigurationList = 172729DA252C5D630061F1F9 /* Build configuration list for PBXNativeTarget "HomepwnerTests" */;
			buildPhases = (
				172729BF252C5D630061F1F9 /* Sources */,
				172729C0252C5D630061F1F9 /* Frameworks */,
				172729C1252C5D630061F1F9 /* Resources */,
			);
			buildRules = (
			);
			dependencies = (
				172729C5252C5D630061F1F9 /* PBXTargetDependency */,
			);
			name = HomepwnerTests;
			productName = HomepwnerTests;
			productReference = 172729C3252C5D630061F1F9 /* HomepwnerTests.xctest */;
			productType = "com.apple.product-type.bundle.unit-test";
		};
		172729CD252C5D630061F1F9 /* HomepwnerUITests */ = {
			isa = PBXNativeTarget;
			buildConfigurationList = 172729DD252C5D630061F1F9 /* Build configuration list for PBXNativeTarget "HomepwnerUITests" */;
			buildPhases = (
				172729CA252C5D630061F1F9 /* Sources */,
				172729CB252C5D630061F1F9 /* Frameworks */,
				172729CC252C5D630061F1F9 /* Resources */,
			);
			buildRules = (
			);
			dependencies = (
				172729D0252C5D630061F1F9 /* PBXTargetDependency */,
			);
			name = HomepwnerUITests;
			productName = HomepwnerUITests;
			productReference = 172729CE252C5D630061F1F9 /* HomepwnerUITests.xctest */;
			productType = "com.apple.product-type.bundle.ui-testing";
		};
/* End PBXNativeTarget section */

/* Begin PBXProject section */
		172729A5252C5D620061F1F9 /* Project object */ = {
			isa = PBXProject;
			attributes = {
				LastSwiftUpdateCheck = 1130;
				LastUpgradeCheck = 1230;
				ORGANIZATIONNAME = "Pan Qingrong";
				TargetAttributes = {
					172729AC252C5D620061F1F9 = {
						CreatedOnToolsVersion = 11.3.1;
					};
					172729C2252C5D630061F1F9 = {
						CreatedOnToolsVersion = 11.3.1;
						TestTargetID = 172729AC252C5D620061F1F9;
					};
					172729CD252C5D630061F1F9 = {
						CreatedOnToolsVersion = 11.3.1;
						TestTargetID = 172729AC252C5D620061F1F9;
					};
				};
			};
			buildConfigurationList = 172729A8252C5D620061F1F9 /* Build configuration list for PBXProject "Homepwner" */;
			compatibilityVersion = "Xcode 9.3";
			developmentRegion = en;
			hasScannedForEncodings = 0;
			knownRegions = (
				en,
				Base,
			);
			mainGroup = 172729A4252C5D620061F1F9;
			productRefGroup = 172729AE252C5D620061F1F9 /* Products */;
			projectDirPath = "";
			projectRoot = "";
			targets = (
				172729AC252C5D620061F1F9 /* Homepwner */,
				172729C2252C5D630061F1F9 /* HomepwnerTests */,
				172729CD252C5D630061F1F9 /* HomepwnerUITests */,
			);
		};
/* End PBXProject section */

/* Begin PBXResourcesBuildPhase section */
		172729AB252C5D620061F1F9 /* Resources */ = {
			isa = PBXResourcesBuildPhase;
			buildActionMask = 2147483647;
			files = (
				172729BD252C5D630061F1F9 /* LaunchScreen.storyboard in Resources */,
				172729BA252C5D630061F1F9 /* Assets.xcassets in Resources */,
				172729B8252C5D620061F1F9 /* Main.storyboard in Resources */,
			);
			runOnlyForDeploymentPostprocessing = 0;
		};
		172729C1252C5D630061F1F9 /* Resources */ = {
			isa = PBXResourcesBuildPhase;
			buildActionMask = 2147483647;
			files = (
			);
			runOnlyForDeploymentPostprocessing = 0;
		};
		172729CC252C5D630061F1F9 /* Resources */ = {
			isa = PBXResourcesBuildPhase;
			buildActionMask = 2147483647;
			files = (
			);
			runOnlyForDeploymentPostprocessing = 0;
		};
/* End PBXResourcesBuildPhase section */

/* Begin PBXSourcesBuildPhase section */
		172729A9252C5D620061F1F9 /* Sources */ = {
			isa = PBXSourcesBuildPhase;
			buildActionMask = 2147483647;
			files = (
				172729E3252C602E0061F1F9 /* Item.swift in Sources */,
				172729E1252C5EA10061F1F9 /* ItemsViewController.swift in Sources */,
				C440CE6B2593216A000D1B6B /* ErrorPresenter.swift in Sources */,
				C46DA3372588FD9C000864B9 /* ResourceRequest.swift in Sources */,
				174FA315252D7CE600B121E4 /* ItemGroup.swift in Sources */,
				C46DA33C25890380000864B9 /* ResourceRequestError.swift in Sources */,
				172729B1252C5D620061F1F9 /* AppDelegate.swift in Sources */,
				1768061F252EE01300B427CF /* ItemCell.swift in Sources */,
				1761A5852549136300E104A5 /* ImageStore.swift in Sources */,
				172729E5252C66930061F1F9 /* ItemStore.swift in Sources */,
				172729B3252C5D620061F1F9 /* SceneDelegate.swift in Sources */,
				17C84519255AEC4A00225691 /* RESTClient.swift in Sources */,
				17680621253B297100B427CF /* DetailViewController.swift in Sources */,
			);
			runOnlyForDeploymentPostprocessing = 0;
		};
		172729BF252C5D630061F1F9 /* Sources */ = {
			isa = PBXSourcesBuildPhase;
			buildActionMask = 2147483647;
			files = (
				172729C8252C5D630061F1F9 /* HomepwnerTests.swift in Sources */,
			);
			runOnlyForDeploymentPostprocessing = 0;
		};
		172729CA252C5D630061F1F9 /* Sources */ = {
			isa = PBXSourcesBuildPhase;
			buildActionMask = 2147483647;
			files = (
				172729D3252C5D630061F1F9 /* HomepwnerUITests.swift in Sources */,
			);
			runOnlyForDeploymentPostprocessing = 0;
		};
/* End PBXSourcesBuildPhase section */

/* Begin PBXTargetDependency section */
		172729C5252C5D630061F1F9 /* PBXTargetDependency */ = {
			isa = PBXTargetDependency;
			target = 172729AC252C5D620061F1F9 /* Homepwner */;
			targetProxy = 172729C4252C5D630061F1F9 /* PBXContainerItemProxy */;
		};
		172729D0252C5D630061F1F9 /* PBXTargetDependency */ = {
			isa = PBXTargetDependency;
			target = 172729AC252C5D620061F1F9 /* Homepwner */;
			targetProxy = 172729CF252C5D630061F1F9 /* PBXContainerItemProxy */;
		};
/* End PBXTargetDependency section */

/* Begin PBXVariantGroup section */
		172729B6252C5D620061F1F9 /* Main.storyboard */ = {
			isa = PBXVariantGroup;
			children = (
				172729B7252C5D620061F1F9 /* Base */,
			);
			name = Main.storyboard;
			sourceTree = "<group>";
		};
		172729BB252C5D630061F1F9 /* LaunchScreen.storyboard */ = {
			isa = PBXVariantGroup;
			children = (
				172729BC252C5D630061F1F9 /* Base */,
			);
			name = LaunchScreen.storyboard;
			sourceTree = "<group>";
		};
/* End PBXVariantGroup section */

/* Begin XCBuildConfiguration section */
		172729D5252C5D630061F1F9 /* Debug */ = {
			isa = XCBuildConfiguration;
			buildSettings = {
				ALWAYS_SEARCH_USER_PATHS = NO;
				CLANG_ANALYZER_NONNULL = YES;
				CLANG_ANALYZER_NUMBER_OBJECT_CONVERSION = YES_AGGRESSIVE;
				CLANG_CXX_LANGUAGE_STANDARD = "gnu++14";
				CLANG_CXX_LIBRARY = "libc++";
				CLANG_ENABLE_MODULES = YES;
				CLANG_ENABLE_OBJC_ARC = YES;
				CLANG_ENABLE_OBJC_WEAK = YES;
				CLANG_WARN_BLOCK_CAPTURE_AUTORELEASING = YES;
				CLANG_WARN_BOOL_CONVERSION = YES;
				CLANG_WARN_COMMA = YES;
				CLANG_WARN_CONSTANT_CONVERSION = YES;
				CLANG_WARN_DEPRECATED_OBJC_IMPLEMENTATIONS = YES;
				CLANG_WARN_DIRECT_OBJC_ISA_USAGE = YES_ERROR;
				CLANG_WARN_DOCUMENTATION_COMMENTS = YES;
				CLANG_WARN_EMPTY_BODY = YES;
				CLANG_WARN_ENUM_CONVERSION = YES;
				CLANG_WARN_INFINITE_RECURSION = YES;
				CLANG_WARN_INT_CONVERSION = YES;
				CLANG_WARN_NON_LITERAL_NULL_CONVERSION = YES;
				CLANG_WARN_OBJC_IMPLICIT_RETAIN_SELF = YES;
				CLANG_WARN_OBJC_LITERAL_CONVERSION = YES;
				CLANG_WARN_OBJC_ROOT_CLASS = YES_ERROR;
				CLANG_WARN_QUOTED_INCLUDE_IN_FRAMEWORK_HEADER = YES;
				CLANG_WARN_RANGE_LOOP_ANALYSIS = YES;
				CLANG_WARN_STRICT_PROTOTYPES = YES;
				CLANG_WARN_SUSPICIOUS_MOVE = YES;
				CLANG_WARN_UNGUARDED_AVAILABILITY = YES_AGGRESSIVE;
				CLANG_WARN_UNREACHABLE_CODE = YES;
				CLANG_WARN__DUPLICATE_METHOD_MATCH = YES;
				COPY_PHASE_STRIP = NO;
				DEBUG_INFORMATION_FORMAT = dwarf;
				ENABLE_STRICT_OBJC_MSGSEND = YES;
				ENABLE_TESTABILITY = YES;
				GCC_C_LANGUAGE_STANDARD = gnu11;
				GCC_DYNAMIC_NO_PIC = NO;
				GCC_NO_COMMON_BLOCKS = YES;
				GCC_OPTIMIZATION_LEVEL = 0;
				GCC_PREPROCESSOR_DEFINITIONS = (
					"DEBUG=1",
					"$(inherited)",
				);
				GCC_WARN_64_TO_32_BIT_CONVERSION = YES;
				GCC_WARN_ABOUT_RETURN_TYPE = YES_ERROR;
				GCC_WARN_UNDECLARED_SELECTOR = YES;
				GCC_WARN_UNINITIALIZED_AUTOS = YES_AGGRESSIVE;
				GCC_WARN_UNUSED_FUNCTION = YES;
				GCC_WARN_UNUSED_VARIABLE = YES;
				IPHONEOS_DEPLOYMENT_TARGET = 13.2;
				MTL_ENABLE_DEBUG_INFO = INCLUDE_SOURCE;
				MTL_FAST_MATH = YES;
				ONLY_ACTIVE_ARCH = YES;
				SDKROOT = iphoneos;
				SWIFT_ACTIVE_COMPILATION_CONDITIONS = DEBUG;
				SWIFT_OPTIMIZATION_LEVEL = "-Onone";
			};
			name = Debug;
		};
		172729D6252C5D630061F1F9 /* Release */ = {
			isa = XCBuildConfiguration;
			buildSettings = {
				ALWAYS_SEARCH_USER_PATHS = NO;
				CLANG_ANALYZER_NONNULL = YES;
				CLANG_ANALYZER_NUMBER_OBJECT_CONVERSION = YES_AGGRESSIVE;
				CLANG_CXX_LANGUAGE_STANDARD = "gnu++14";
				CLANG_CXX_LIBRARY = "libc++";
				CLANG_ENABLE_MODULES = YES;
				CLANG_ENABLE_OBJC_ARC = YES;
				CLANG_ENABLE_OBJC_WEAK = YES;
				CLANG_WARN_BLOCK_CAPTURE_AUTORELEASING = YES;
				CLANG_WARN_BOOL_CONVERSION = YES;
				CLANG_WARN_COMMA = YES;
				CLANG_WARN_CONSTANT_CONVERSION = YES;
				CLANG_WARN_DEPRECATED_OBJC_IMPLEMENTATIONS = YES;
				CLANG_WARN_DIRECT_OBJC_ISA_USAGE = YES_ERROR;
				CLANG_WARN_DOCUMENTATION_COMMENTS = YES;
				CLANG_WARN_EMPTY_BODY = YES;
				CLANG_WARN_ENUM_CONVERSION = YES;
				CLANG_WARN_INFINITE_RECURSION = YES;
				CLANG_WARN_INT_CONVERSION = YES;
				CLANG_WARN_NON_LITERAL_NULL_CONVERSION = YES;
				CLANG_WARN_OBJC_IMPLICIT_RETAIN_SELF = YES;
				CLANG_WARN_OBJC_LITERAL_CONVERSION = YES;
				CLANG_WARN_OBJC_ROOT_CLASS = YES_ERROR;
				CLANG_WARN_QUOTED_INCLUDE_IN_FRAMEWORK_HEADER = YES;
				CLANG_WARN_RANGE_LOOP_ANALYSIS = YES;
				CLANG_WARN_STRICT_PROTOTYPES = YES;
				CLANG_WARN_SUSPICIOUS_MOVE = YES;
				CLANG_WARN_UNGUARDED_AVAILABILITY = YES_AGGRESSIVE;
				CLANG_WARN_UNREACHABLE_CODE = YES;
				CLANG_WARN__DUPLICATE_METHOD_MATCH = YES;
				COPY_PHASE_STRIP = NO;
				DEBUG_INFORMATION_FORMAT = "dwarf-with-dsym";
				ENABLE_NS_ASSERTIONS = NO;
				ENABLE_STRICT_OBJC_MSGSEND = YES;
				GCC_C_LANGUAGE_STANDARD = gnu11;
				GCC_NO_COMMON_BLOCKS = YES;
				GCC_WARN_64_TO_32_BIT_CONVERSION = YES;
				GCC_WARN_ABOUT_RETURN_TYPE = YES_ERROR;
				GCC_WARN_UNDECLARED_SELECTOR = YES;
				GCC_WARN_UNINITIALIZED_AUTOS = YES_AGGRESSIVE;
				GCC_WARN_UNUSED_FUNCTION = YES;
				GCC_WARN_UNUSED_VARIABLE = YES;
				IPHONEOS_DEPLOYMENT_TARGET = 13.2;
				MTL_ENABLE_DEBUG_INFO = NO;
				MTL_FAST_MATH = YES;
				SDKROOT = iphoneos;
				SWIFT_COMPILATION_MODE = wholemodule;
				SWIFT_OPTIMIZATION_LEVEL = "-O";
				VALIDATE_PRODUCT = YES;
			};
			name = Release;
		};
		172729D8252C5D630061F1F9 /* Debug */ = {
			isa = XCBuildConfiguration;
			buildSettings = {
				ASSETCATALOG_COMPILER_APPICON_NAME = AppIcon;
				CODE_SIGN_STYLE = Automatic;
				DEVELOPMENT_TEAM = 36V8JSTZJU;
				INFOPLIST_FILE = Homepwner/Info.plist;
				LD_RUNPATH_SEARCH_PATHS = (
					"$(inherited)",
					"@executable_path/Frameworks",
				);
				PRODUCT_BUNDLE_IDENTIFIER = com.goalfinance.Homepwner;
				PRODUCT_NAME = "$(TARGET_NAME)";
				SWIFT_VERSION = 5.0;
				TARGETED_DEVICE_FAMILY = "1,2";
			};
			name = Debug;
		};
		172729D9252C5D630061F1F9 /* Release */ = {
			isa = XCBuildConfiguration;
			buildSettings = {
				ASSETCATALOG_COMPILER_APPICON_NAME = AppIcon;
				CODE_SIGN_STYLE = Automatic;
				DEVELOPMENT_TEAM = 36V8JSTZJU;
				INFOPLIST_FILE = Homepwner/Info.plist;
				LD_RUNPATH_SEARCH_PATHS = (
					"$(inherited)",
					"@executable_path/Frameworks",
				);
				PRODUCT_BUNDLE_IDENTIFIER = com.goalfinance.Homepwner;
				PRODUCT_NAME = "$(TARGET_NAME)";
				SWIFT_VERSION = 5.0;
				TARGETED_DEVICE_FAMILY = "1,2";
			};
			name = Release;
		};
		172729DB252C5D630061F1F9 /* Debug */ = {
			isa = XCBuildConfiguration;
			buildSettings = {
				ALWAYS_EMBED_SWIFT_STANDARD_LIBRARIES = YES;
				BUNDLE_LOADER = "$(TEST_HOST)";
				CODE_SIGN_STYLE = Automatic;
				DEVELOPMENT_TEAM = 36V8JSTZJU;
				INFOPLIST_FILE = HomepwnerTests/Info.plist;
				IPHONEOS_DEPLOYMENT_TARGET = 13.2;
				LD_RUNPATH_SEARCH_PATHS = (
					"$(inherited)",
					"@executable_path/Frameworks",
					"@loader_path/Frameworks",
				);
				PRODUCT_BUNDLE_IDENTIFIER = com.goalfinance.HomepwnerTests;
				PRODUCT_NAME = "$(TARGET_NAME)";
				SWIFT_VERSION = 5.0;
				TARGETED_DEVICE_FAMILY = "1,2";
				TEST_HOST = "$(BUILT_PRODUCTS_DIR)/Homepwner.app/Homepwner";
			};
			name = Debug;
		};
		172729DC252C5D630061F1F9 /* Release */ = {
			isa = XCBuildConfiguration;
			buildSettings = {
				ALWAYS_EMBED_SWIFT_STANDARD_LIBRARIES = YES;
				BUNDLE_LOADER = "$(TEST_HOST)";
				CODE_SIGN_STYLE = Automatic;
				DEVELOPMENT_TEAM = 36V8JSTZJU;
				INFOPLIST_FILE = HomepwnerTests/Info.plist;
				IPHONEOS_DEPLOYMENT_TARGET = 13.2;
				LD_RUNPATH_SEARCH_PATHS = (
					"$(inherited)",
					"@executable_path/Frameworks",
					"@loader_path/Frameworks",
				);
				PRODUCT_BUNDLE_IDENTIFIER = com.goalfinance.HomepwnerTests;
				PRODUCT_NAME = "$(TARGET_NAME)";
				SWIFT_VERSION = 5.0;
				TARGETED_DEVICE_FAMILY = "1,2";
				TEST_HOST = "$(BUILT_PRODUCTS_DIR)/Homepwner.app/Homepwner";
			};
			name = Release;
		};
		172729DE252C5D630061F1F9 /* Debug */ = {
			isa = XCBuildConfiguration;
			buildSettings = {
				ALWAYS_EMBED_SWIFT_STANDARD_LIBRARIES = YES;
				CODE_SIGN_STYLE = Automatic;
				DEVELOPMENT_TEAM = 36V8JSTZJU;
				INFOPLIST_FILE = HomepwnerUITests/Info.plist;
				LD_RUNPATH_SEARCH_PATHS = (
					"$(inherited)",
					"@executable_path/Frameworks",
					"@loader_path/Frameworks",
				);
				PRODUCT_BUNDLE_IDENTIFIER = com.goalfinance.HomepwnerUITests;
				PRODUCT_NAME = "$(TARGET_NAME)";
				SWIFT_VERSION = 5.0;
				TARGETED_DEVICE_FAMILY = "1,2";
				TEST_TARGET_NAME = Homepwner;
			};
			name = Debug;
		};
		172729DF252C5D630061F1F9 /* Release */ = {
			isa = XCBuildConfiguration;
			buildSettings = {
				ALWAYS_EMBED_SWIFT_STANDARD_LIBRARIES = YES;
				CODE_SIGN_STYLE = Automatic;
				DEVELOPMENT_TEAM = 36V8JSTZJU;
				INFOPLIST_FILE = HomepwnerUITests/Info.plist;
				LD_RUNPATH_SEARCH_PATHS = (
					"$(inherited)",
					"@executable_path/Frameworks",
					"@loader_path/Frameworks",
				);
				PRODUCT_BUNDLE_IDENTIFIER = com.goalfinance.HomepwnerUITests;
				PRODUCT_NAME = "$(TARGET_NAME)";
				SWIFT_VERSION = 5.0;
				TARGETED_DEVICE_FAMILY = "1,2";
				TEST_TARGET_NAME = Homepwner;
			};
			name = Release;
		};
/* End XCBuildConfiguration section */

/* Begin XCConfigurationList section */
		172729A8252C5D620061F1F9 /* Build configuration list for PBXProject "Homepwner" */ = {
			isa = XCConfigurationList;
			buildConfigurations = (
				172729D5252C5D630061F1F9 /* Debug */,
				172729D6252C5D630061F1F9 /* Release */,
			);
			defaultConfigurationIsVisible = 0;
			defaultConfigurationName = Release;
		};
		172729D7252C5D630061F1F9 /* Build configuration list for PBXNativeTarget "Homepwner" */ = {
			isa = XCConfigurationList;
			buildConfigurations = (
				172729D8252C5D630061F1F9 /* Debug */,
				172729D9252C5D630061F1F9 /* Release */,
			);
			defaultConfigurationIsVisible = 0;
			defaultConfigurationName = Release;
		};
		172729DA252C5D630061F1F9 /* Build configuration list for PBXNativeTarget "HomepwnerTests" */ = {
			isa = XCConfigurationList;
			buildConfigurations = (
				172729DB252C5D630061F1F9 /* Debug */,
				172729DC252C5D630061F1F9 /* Release */,
			);
			defaultConfigurationIsVisible = 0;
			defaultConfigurationName = Release;
		};
		172729DD252C5D630061F1F9 /* Build configuration list for PBXNativeTarget "HomepwnerUITests" */ = {
			isa = XCConfigurationList;
			buildConfigurations = (
				172729DE252C5D630061F1F9 /* Debug */,
				172729DF252C5D630061F1F9 /* Release */,
			);
			defaultConfigurationIsVisible = 0;
			defaultConfigurationName = Release;
		};
/* End XCConfigurationList section */
	};
	rootObject = 172729A5252C5D620061F1F9 /* Project object */;
}
